lockfileVersion: '9.0'

settings:
  autoInstallPeers: true
  excludeLinksFromLockfile: false

importers:

  .:
    devDependencies:
      '@biomejs/biome':
        specifier: ^2.3.2
        version: 2.3.2
      '@types/node':
        specifier: ^24.9.2
        version: 24.9.2
      knip:
        specifier: ^5.67.1
        version: 5.67.1(@types/node@24.9.2)(typescript@5.9.3)
      typescript:
        specifier: ^5.9.3
        version: 5.9.3

packages:

  '@biomejs/biome@2.3.2':
    resolution: {integrity: sha512-8e9tzamuDycx7fdrcJ/F/GDZ8SYukc5ud6tDicjjFqURKYFSWMl0H0iXNXZEGmcmNUmABgGuHThPykcM41INgg==}
    engines: {node: '>=14.21.3'}
    hasBin: true

  '@biomejs/cli-darwin-arm64@2.3.2':
    resolution: {integrity: sha512-4LECm4kc3If0JISai4c3KWQzukoUdpxy4fRzlrPcrdMSRFksR9ZoXK7JBcPuLBmd2SoT4/d7CQS33VnZpgBjew==}
    engines: {node: '>=14.21.3'}
    cpu: [arm64]
    os: [darwin]

  '@biomejs/cli-darwin-x64@2.3.2':
    resolution: {integrity: sha512-jNMnfwHT4N3wi+ypRfMTjLGnDmKYGzxVr1EYAPBcauRcDnICFXN81wD6wxJcSUrLynoyyYCdfW6vJHS/IAoTDA==}
    engines: {node: '>=14.21.3'}
    cpu: [x64]
    os: [darwin]

  '@biomejs/cli-linux-arm64-musl@2.3.2':
    resolution: {integrity: sha512-2Zz4usDG1GTTPQnliIeNx6eVGGP2ry5vE/v39nT73a3cKN6t5H5XxjcEoZZh62uVZvED7hXXikclvI64vZkYqw==}
    engines: {node: '>=14.21.3'}
    cpu: [arm64]
    os: [linux]

  '@biomejs/cli-linux-arm64@2.3.2':
    resolution: {integrity: sha512-amnqvk+gWybbQleRRq8TMe0rIv7GHss8mFJEaGuEZYWg1Tw14YKOkeo8h6pf1c+d3qR+JU4iT9KXnBKGON4klw==}
    engines: {node: '>=14.21.3'}
    cpu: [arm64]
    os: [linux]

  '@biomejs/cli-linux-x64-musl@2.3.2':
    resolution: {integrity: sha512-gzB19MpRdTuOuLtPpFBGrV3Lq424gHyq2lFj8wfX9tvLMLdmA/R9C7k/mqBp/spcbWuHeIEKgEs3RviOPcWGBA==}
    engines: {node: '>=14.21.3'}
    cpu: [x64]
    os: [linux]

  '@biomejs/cli-linux-x64@2.3.2':
    resolution: {integrity: sha512-8BG/vRAhFz1pmuyd24FQPhNeueLqPtwvZk6yblABY2gzL2H8fLQAF/Z2OPIc+BPIVPld+8cSiKY/KFh6k81xfA==}
    engines: {node: '>=14.21.3'}
    cpu: [x64]
    os: [linux]

  '@biomejs/cli-win32-arm64@2.3.2':
    resolution: {integrity: sha512-lCruqQlfWjhMlOdyf5pDHOxoNm4WoyY2vZ4YN33/nuZBRstVDuqPPjS0yBkbUlLEte11FbpW+wWSlfnZfSIZvg==}
    engines: {node: '>=14.21.3'}
    cpu: [arm64]
    os: [win32]

  '@biomejs/cli-win32-x64@2.3.2':
    resolution: {integrity: sha512-6Ee9P26DTb4D8sN9nXxgbi9Dw5vSOfH98M7UlmkjKB2vtUbrRqCbZiNfryGiwnPIpd6YUoTl7rLVD2/x1CyEHQ==}
    engines: {node: '>=14.21.3'}
    cpu: [x64]
    os: [win32]

  '@emnapi/core@1.7.0':
    resolution: {integrity: sha512-pJdKGq/1iquWYtv1RRSljZklxHCOCAJFJrImO5ZLKPJVJlVUcs8yFwNQlqS0Lo8xT1VAXXTCZocF9n26FWEKsw==}

  '@emnapi/runtime@1.7.0':
    resolution: {integrity: sha512-oAYoQnCYaQZKVS53Fq23ceWMRxq5EhQsE0x0RdQ55jT7wagMu5k+fS39v1fiSLrtrLQlXwVINenqhLMtTrV/1Q==}

  '@emnapi/wasi-threads@1.1.0':
    resolution: {integrity: sha512-WI0DdZ8xFSbgMjR1sFsKABJ/C5OnRrjT06JXbZKexJGrDuPTzZdDYfFlsgcCXCyf+suG5QU2e/y1Wo2V/OapLQ==}

  '@napi-rs/wasm-runtime@1.0.7':
    resolution: {integrity: sha512-SeDnOO0Tk7Okiq6DbXmmBODgOAb9dp9gjlphokTUxmt8U3liIP1ZsozBahH69j/RJv+Rfs6IwUKHTgQYJ/HBAw==}

  '@nodelib/fs.scandir@2.1.5':
    resolution: {integrity: sha512-vq24Bq3ym5HEQm2NKCr3yXDwjc7vTsEThRDnkp2DK9p1uqLR+DHurm/NOTo0KG7HYHU7eppKZj3MyqYuMBf62g==}
    engines: {node: '>= 8'}

  '@nodelib/fs.stat@2.0.5':
    resolution: {integrity: sha512-RkhPPp2zrqDAQA/2jNhnztcPAlv64XdhIp7a7454A5ovI7Bukxgt7MX7udwAu3zg1DcpPU0rz3VV1SeaqvY4+A==}
    engines: {node: '>= 8'}

  '@nodelib/fs.walk@1.2.8':
    resolution: {integrity: sha512-oGB+UxlgWcgQkgwo8GcEGwemoTFt3FIO9ababBmaGwXIoBKZ+GTy0pP185beGg7Llih/NSHSV2XAs1lnznocSg==}
    engines: {node: '>= 8'}

  '@oxc-resolver/binding-android-arm-eabi@11.13.0':
    resolution: {integrity: sha512-lqaFg5bavNdDoRuQywS66hRk4M12m4kyT3cFpIXfFy6OpobOBeo6R+vJIXl3XRzCmDK58haIYfqTP3KBb3QFgQ==}
    cpu: [arm]
    os: [android]

  '@oxc-resolver/binding-android-arm64@11.13.0':
    resolution: {integrity: sha512-oLjhpGMKOT8lsqdof2tNSeb4tOi7zAGJHbGBe7pB/75mSDshs/7YbHG+zm35cwecQTBTXf9Ok4/gIbzX3YaRpw==}
    cpu: [arm64]
    os: [android]

  '@oxc-resolver/binding-darwin-arm64@11.13.0':
    resolution: {integrity: sha512-hPhssWhyzvlks6r4Cx3j7LUd5r7dnLdgOTSyfVpH978iv/a7dau2takuCZ0NU8/YQ+Gvjdl+Rm65ZTyzcAo2qA==}
    cpu: [arm64]
    os: [darwin]

  '@oxc-resolver/binding-darwin-x64@11.13.0':
    resolution: {integrity: sha512-8g1MxQNy0Wy4NbCxOetCZIP0fesCXxWPeJrekPdqYtCnoPuS28xIy0O/nmjj+mensjzrgHcHk9h35R45sLUOqA==}
    cpu: [x64]
    os: [darwin]

  '@oxc-resolver/binding-freebsd-x64@11.13.0':
    resolution: {integrity: sha512-A/BolJ2XbSrJRJjOewAlG7wcW9YE+9A+0d+g5Xc0+woEvpA0AfnrAT6aGQw9LlWBuswzI7HRetWg/cq8tHvWVw==}
    cpu: [x64]
    os: [freebsd]

  '@oxc-resolver/binding-linux-arm-gnueabihf@11.13.0':
    resolution: {integrity: sha512-w0nNUywfg/OVCVfcLMpzr5zH/d9JDzOt7H0fqD0PbMTizdcM/SP/gWziZ64rA8CmrUzhMdUEeeSiMoZn0CQ2Rg==}
    cpu: [arm]
    os: [linux]

  '@oxc-resolver/binding-linux-arm-musleabihf@11.13.0':
    resolution: {integrity: sha512-iVkhn/Vlo21DTZZgNO1JppGQUpMcU9C5FybVLeSwm3Z8h0XboYzgCs/rvaNg/HrHjGQJpID686TMqdCe0iPcRg==}
    cpu: [arm]
    os: [linux]

  '@oxc-resolver/binding-linux-arm64-gnu@11.13.0':
    resolution: {integrity: sha512-uhbth0AM9IZsKIKJS6esg+0xlMMiJsvr8hH/HIY3nUjW4elKLsBOj3MbgdOIBvWOg+edJ0FXM9h22riy254xBw==}
    cpu: [arm64]
    os: [linux]

  '@oxc-resolver/binding-linux-arm64-musl@11.13.0':
    resolution: {integrity: sha512-87J7aIXOXQ6VuvJU9BQHcpf/llHPKmHYkFgwTc6KyX9YJ6th1jr6z3Soi1F0/xs74Ay3/CSgtZ9UJRDAkx6kRA==}
    cpu: [arm64]
    os: [linux]

  '@oxc-resolver/binding-linux-ppc64-gnu@11.13.0':
    resolution: {integrity: sha512-qARWktXmpNO9raSxykwicNbcVIF8A0FrK0rtKCIds4FsBBr9M9lUPzG4BfZm/Qg4S4OnnQGQxFzmcnEiwBqjsg==}
    cpu: [ppc64]
    os: [linux]

  '@oxc-resolver/binding-linux-riscv64-gnu@11.13.0':
    resolution: {integrity: sha512-k3SNJQi1PiUvyzRPqLIl0jGST4pOUn6ISWvk9Gg28FPS+ng1XwWEEXV2sSKncLNgh/UKjv81LcNy8m17STJuRg==}
    cpu: [riscv64]
    os: [linux]

  '@oxc-resolver/binding-linux-riscv64-musl@11.13.0':
    resolution: {integrity: sha512-JPZhlZkJY5HUed0J13TttkzDs+J2DbE516MgSDCCKkYGTGPZ9Z1ZcOae1wOLYZOYoYVLzool1Bijt2eVVoLZ9Q==}
    cpu: [riscv64]
    os: [linux]

  '@oxc-resolver/binding-linux-s390x-gnu@11.13.0':
    resolution: {integrity: sha512-Qh69bTj4cinpemWwSfULn2dw0YZnNdOfD9/bT4+5yrCIemaloJ6rmj1p1TTPS1lvhvxuuAPVw4husR3Mp48Kew==}
    cpu: [s390x]
    os: [linux]

  '@oxc-resolver/binding-linux-x64-gnu@11.13.0':
    resolution: {integrity: sha512-GksRH4TxcnDxFeq+DmP+L/X7f6sTHO0sBHv4WVOXF9EESWLavbcrHMzOLCb1Hz9BecUVqXTfVhLHLgBZFQb2iQ==}
    cpu: [x64]
    os: [linux]

  '@oxc-resolver/binding-linux-x64-musl@11.13.0':
    resolution: {integrity: sha512-3lieqELuhnsjc6rAZiKYJaIKDCNNAsOt5wazi+/h1McaWB4VwKO0If6kI2gSvcs01u4XrIeDKNcR85JxzChYxA==}
    cpu: [x64]
    os: [linux]

  '@oxc-resolver/binding-wasm32-wasi@11.13.0':
    resolution: {integrity: sha512-FFX6UDhT9yVVsj7/HBpdUtVT589QavKNo9c/GyIyZhzJhZ33OIo0eHZewFF43sGsO+eixrrdt3hQlPfZ9ei+oA==}
    engines: {node: '>=14.0.0'}
    cpu: [wasm32]

  '@oxc-resolver/binding-win32-arm64-msvc@11.13.0':
    resolution: {integrity: sha512-pfQDRggtnsP0ZIx+XntAiqeAGOqsbUNoeWuAd9mdfGzCDI7BOauTd1gSaI89rQ30rnf90ELb+L2dNa0I2wLIPQ==}
    cpu: [arm64]
    os: [win32]

  '@oxc-resolver/binding-win32-ia32-msvc@11.13.0':
    resolution: {integrity: sha512-TViVvey424MV/cavv6x8ja/swTwIi4RTdM8QlxafLmUg1sn6f09ktKLVMy9UvV4gcHAFHeqSAaIdrljcw58RBA==}
    cpu: [ia32]
    os: [win32]

  '@oxc-resolver/binding-win32-x64-msvc@11.13.0':
    resolution: {integrity: sha512-wH7t+I0o6EU+O+VMV1AitqYeyZCGtpKDtK8fSqD6N35JQVOHYSsnxrtULoP5PA5SMAEW4GwE8ZbOajaUXXxzuA==}
    cpu: [x64]
    os: [win32]

  '@tybys/wasm-util@0.10.1':
    resolution: {integrity: sha512-9tTaPJLSiejZKx+Bmog4uSubteqTvFrVrURwkmHixBo0G4seD0zUxp98E1DzUBJxLQ3NPwXrGKDiVjwx/DpPsg==}

  '@types/node@24.9.2':
    resolution: {integrity: sha512-uWN8YqxXxqFMX2RqGOrumsKeti4LlmIMIyV0lgut4jx7KQBcBiW6vkDtIBvHnHIquwNfJhk8v2OtmO8zXWHfPA==}

  argparse@2.0.1:
    resolution: {integrity: sha512-8+9WqebbFzpX9OR+Wa6O29asIogeRMzcGtAINdpMHHyAg10f05aSFVBbcEqGf/PXw1EjAZ+q2/bEBg3DvurK3Q==}

  braces@3.0.3:
    resolution: {integrity: sha512-yQbXgO/OSZVD2IsiLlro+7Hf6Q18EJrKSEsdoMzKePKXct3gvD8oLcOQdIzGupr5Fj+EDe8gO/lxc1BzfMpxvA==}
    engines: {node: '>=8'}

  fast-glob@3.3.3:
    resolution: {integrity: sha512-7MptL8U0cqcFdzIzwOTHoilX9x5BrNqye7Z/LuC7kCMRio1EMSyqRK3BEAUD7sXRq4iT4AzTVuZdhgQ2TCvYLg==}
    engines: {node: '>=8.6.0'}

  fastq@1.19.1:
    resolution: {integrity: sha512-GwLTyxkCXjXbxqIhTsMI2Nui8huMPtnxg7krajPJAjnEG/iiOS7i+zCtWGZR9G0NBKbXKh6X9m9UIsYX/N6vvQ==}

  fd-package-json@2.0.0:
    resolution: {integrity: sha512-jKmm9YtsNXN789RS/0mSzOC1NUq9mkVd65vbSSVsKdjGvYXBuE4oWe2QOEoFeRmJg+lPuZxpmrfFclNhoRMneQ==}

  fill-range@7.1.1:
    resolution: {integrity: sha512-YsGpe3WHLK8ZYi4tWDg2Jy3ebRz2rXowDxnld4bkQB00cc/1Zw9AWnC0i9ztDJitivtQvaI9KaLyKrc+hBW0yg==}
    engines: {node: '>=8'}

  formatly@0.3.0:
    resolution: {integrity: sha512-9XNj/o4wrRFyhSMJOvsuyMwy8aUfBaZ1VrqHVfohyXf0Sw0e+yfKG+xZaY3arGCOMdwFsqObtzVOc1gU9KiT9w==}
    engines: {node: '>=18.3.0'}
    hasBin: true

  glob-parent@5.1.2:
    resolution: {integrity: sha512-AOIgSQCepiJYwP3ARnGx+5VnTu2HBYdzbGP45eLw1vr3zB3vZLeyed1sC9hnbcOc9/SrMyM5RPQrkGz4aS9Zow==}
    engines: {node: '>= 6'}

  is-extglob@2.1.1:
    resolution: {integrity: sha512-SbKbANkN603Vi4jEZv49LeVJMn4yGwsbzZworEoyEiutsN3nJYdbO36zfhGJ6QEDpOZIFkDtnq5JRxmvl3jsoQ==}
    engines: {node: '>=0.10.0'}

  is-glob@4.0.3:
    resolution: {integrity: sha512-xelSayHH36ZgE7ZWhli7pW34hNbNl8Ojv5KVmkJD4hBdD3th8Tfk9vYasLM+mXWOZhFkgZfxhLSnrwRr4elSSg==}
    engines: {node: '>=0.10.0'}

  is-number@7.0.0:
    resolution: {integrity: sha512-41Cifkg6e8TylSpdtTpeLVMqvSBEVzTttHvERD741+pnZ8ANv0004MRL43QKPDlK9cGvNp6NZWZUBlbGXYxxng==}
    engines: {node: '>=0.12.0'}

  jiti@2.6.1:
    resolution: {integrity: sha512-ekilCSN1jwRvIbgeg/57YFh8qQDNbwDb9xT/qu2DAHbFFZUicIl4ygVaAvzveMhMVr3LnpSKTNnwt8PoOfmKhQ==}
    hasBin: true

  js-yaml@4.1.0:
    resolution: {integrity: sha512-wpxZs9NoxZaJESJGIZTyDEaYpl0FKSA+FB9aJiyemKhMwkxQg63h4T1KJgUGHpTqPDNRcmmYLugrRjJlBtWvRA==}
    hasBin: true

  knip@5.67.1:
    resolution: {integrity: sha512-U5AtiqnZAbWIxihs5wxFFEZlpKhzRLWlXSGwA79na7wvlX+MsE0rSuU6If+kl/A4o3TDzTtKGZ4SjeLyWkNR/A==}
    engines: {node: '>=18.18.0'}
    hasBin: true
    peerDependencies:
      '@types/node': '>=18'
      typescript: '>=5.0.4 <7'

  merge2@1.4.1:
    resolution: {integrity: sha512-8q7VEgMJW4J8tcfVPy8g09NcQwZdbwFEqhe/WZkoIzjn/3TGDwtOCYtXGxA3O8tPzpczCCDgv+P2P5y00ZJOOg==}
    engines: {node: '>= 8'}

  micromatch@4.0.8:
    resolution: {integrity: sha512-PXwfBhYu0hBCPw8Dn0E+WDYb7af3dSLVWKi3HGv84IdF4TyFoC0ysxFd0Goxw7nSv4T/PzEJQxsYsEiFCKo2BA==}
    engines: {node: '>=8.6'}

  minimist@1.2.8:
    resolution: {integrity: sha512-2yyAR8qBkN3YuheJanUpWC5U3bb5osDywNB8RzDVlDwDHbocAJveqqj1u8+SVD7jkWT4yvsHCpWqqWqAxb0zCA==}

  oxc-resolver@11.13.0:
    resolution: {integrity: sha512-Pp9ULXeB0KDclQrSRVUUF0NwXCoADtzMBd2kKsk2pHeQoDlZHl9NwVzeCIYFdfKrc7LQxtGoVec3eX2tZHS0Bw==}

  picocolors@1.1.1:
    resolution: {integrity: sha512-xceH2snhtb5M9liqDsmEw56le376mTZkEX/jEb/RxNFyegNul7eNslCXP9FDj/Lcu0X8KEyMceP2ntpaHrDEVA==}

  picomatch@2.3.1:
    resolution: {integrity: sha512-JU3teHTNjmE2VCGFzuY8EXzCDVwEqB2a8fsIvwaStHhAWJEeVd1o1QD80CU6+ZdEXXSLbSsuLwJjkCBWqRQUVA==}
    engines: {node: '>=8.6'}

  picomatch@4.0.3:
    resolution: {integrity: sha512-5gTmgEY/sqK6gFXLIsQNH19lWb4ebPDLA4SdLP7dsWkIXHWlG66oPuVvXSGFPppYZz8ZDZq0dYYrbHfBCVUb1Q==}
    engines: {node: '>=12'}

  queue-microtask@1.2.3:
    resolution: {integrity: sha512-NuaNSa6flKT5JaSYQzJok04JzTL1CA6aGhv5rfLW3PgqA+M2ChpZQnAC8h8i4ZFkBS8X5RqkDBHA7r4hej3K9A==}

  reusify@1.1.0:
    resolution: {integrity: sha512-g6QUff04oZpHs0eG5p83rFLhHeV00ug/Yf9nZM6fLeUrPguBTkTQOdpAWWspMh55TZfVQDPaN3NQJfbVRAxdIw==}
    engines: {iojs: '>=1.0.0', node: '>=0.10.0'}

  run-parallel@1.2.0:
    resolution: {integrity: sha512-5l4VyZR86LZ/lDxZTR6jqL8AFE2S0IFLMP26AbjsLVADxHdhB/c0GUsH+y39UfCi3dzz8OlQuPmnaJOMoDHQBA==}

  smol-toml@1.4.2:
    resolution: {integrity: sha512-rInDH6lCNiEyn3+hH8KVGFdbjc099j47+OSgbMrfDYX1CmXLfdKd7qi6IfcWj2wFxvSVkuI46M+wPGYfEOEj6g==}
    engines: {node: '>= 18'}

  strip-json-comments@5.0.2:
    resolution: {integrity: sha512-4X2FR3UwhNUE9G49aIsJW5hRRR3GXGTBTZRMfv568O60ojM8HcWjV/VxAxCDW3SUND33O6ZY66ZuRcdkj73q2g==}
    engines: {node: '>=14.16'}

  to-regex-range@5.0.1:
    resolution: {integrity: sha512-65P7iz6X5yEr1cwcgvQxbbIw7Uk3gOy5dIdtZ4rDveLqhrdJP+Li/Hx6tyK0NEb+2GCyneCMJiGqrADCSNk8sQ==}
    engines: {node: '>=8.0'}

  tslib@2.8.1:
    resolution: {integrity: sha512-oJFu94HQb+KVduSUQL7wnpmqnfmLsOA/nAh6b6EH0wCEoK0/mPeXU6c3wKDV83MkOuHPRHtSXKKU99IBazS/2w==}

  typescript@5.9.3:
    resolution: {integrity: sha512-jl1vZzPDinLr9eUt3J/t7V6FgNEw9QjvBPdysz9KfQDD41fQrC2Y4vKQdiaUpFT4bXlb1RHhLpp8wtm6M5TgSw==}
    engines: {node: '>=14.17'}
    hasBin: true

  undici-types@7.16.0:
    resolution: {integrity: sha512-Zz+aZWSj8LE6zoxD+xrjh4VfkIG8Ya6LvYkZqtUQGJPZjYl53ypCaUwWqo7eI0x66KBGeRo+mlBEkMSeSZ38Nw==}

  walk-up-path@4.0.0:
    resolution: {integrity: sha512-3hu+tD8YzSLGuFYtPRb48vdhKMi0KQV5sn+uWr8+7dMEq/2G/dtLrdDinkLjqq5TIbIBjYJ4Ax/n3YiaW7QM8A==}
    engines: {node: 20 || >=22}

  zod@4.1.12:
    resolution: {integrity: sha512-JInaHOamG8pt5+Ey8kGmdcAcg3OL9reK8ltczgHTAwNhMys/6ThXHityHxVV2p3fkw/c+MAvBHFVYHFZDmjMCQ==}

snapshots:

  '@biomejs/biome@2.3.2':
    optionalDependencies:
      '@biomejs/cli-darwin-arm64': 2.3.2
      '@biomejs/cli-darwin-x64': 2.3.2
      '@biomejs/cli-linux-arm64': 2.3.2
      '@biomejs/cli-linux-arm64-musl': 2.3.2
      '@biomejs/cli-linux-x64': 2.3.2
      '@biomejs/cli-linux-x64-musl': 2.3.2
      '@biomejs/cli-win32-arm64': 2.3.2
      '@biomejs/cli-win32-x64': 2.3.2

  '@biomejs/cli-darwin-arm64@2.3.2':
    optional: true

  '@biomejs/cli-darwin-x64@2.3.2':
    optional: true

  '@biomejs/cli-linux-arm64-musl@2.3.2':
    optional: true

  '@biomejs/cli-linux-arm64@2.3.2':
    optional: true

  '@biomejs/cli-linux-x64-musl@2.3.2':
    optional: true

  '@biomejs/cli-linux-x64@2.3.2':
    optional: true

  '@biomejs/cli-win32-arm64@2.3.2':
    optional: true

  '@biomejs/cli-win32-x64@2.3.2':
    optional: true

  '@emnapi/core@1.7.0':
    dependencies:
      '@emnapi/wasi-threads': 1.1.0
      tslib: 2.8.1
    optional: true

  '@emnapi/runtime@1.7.0':
    dependencies:
      tslib: 2.8.1
    optional: true

  '@emnapi/wasi-threads@1.1.0':
    dependencies:
      tslib: 2.8.1
    optional: true

  '@napi-rs/wasm-runtime@1.0.7':
    dependencies:
      '@emnapi/core': 1.7.0
      '@emnapi/runtime': 1.7.0
      '@tybys/wasm-util': 0.10.1
    optional: true

  '@nodelib/fs.scandir@2.1.5':
    dependencies:
      '@nodelib/fs.stat': 2.0.5
      run-parallel: 1.2.0

  '@nodelib/fs.stat@2.0.5': {}

  '@nodelib/fs.walk@1.2.8':
    dependencies:
      '@nodelib/fs.scandir': 2.1.5
      fastq: 1.19.1

  '@oxc-resolver/binding-android-arm-eabi@11.13.0':
    optional: true

  '@oxc-resolver/binding-android-arm64@11.13.0':
    optional: true

  '@oxc-resolver/binding-darwin-arm64@11.13.0':
    optional: true

  '@oxc-resolver/binding-darwin-x64@11.13.0':
    optional: true

  '@oxc-resolver/binding-freebsd-x64@11.13.0':
    optional: true

  '@oxc-resolver/binding-linux-arm-gnueabihf@11.13.0':
    optional: true

  '@oxc-resolver/binding-linux-arm-musleabihf@11.13.0':
    optional: true

  '@oxc-resolver/binding-linux-arm64-gnu@11.13.0':
    optional: true

  '@oxc-resolver/binding-linux-arm64-musl@11.13.0':
    optional: true

  '@oxc-resolver/binding-linux-ppc64-gnu@11.13.0':
    optional: true

  '@oxc-resolver/binding-linux-riscv64-gnu@11.13.0':
    optional: true

  '@oxc-resolver/binding-linux-riscv64-musl@11.13.0':
    optional: true

  '@oxc-resolver/binding-linux-s390x-gnu@11.13.0':
    optional: true

  '@oxc-resolver/binding-linux-x64-gnu@11.13.0':
    optional: true

  '@oxc-resolver/binding-linux-x64-musl@11.13.0':
    optional: true

  '@oxc-resolver/binding-wasm32-wasi@11.13.0':
    dependencies:
      '@napi-rs/wasm-runtime': 1.0.7
    optional: true

  '@oxc-resolver/binding-win32-arm64-msvc@11.13.0':
    optional: true

  '@oxc-resolver/binding-win32-ia32-msvc@11.13.0':
    optional: true

  '@oxc-resolver/binding-win32-x64-msvc@11.13.0':
    optional: true

  '@tybys/wasm-util@0.10.1':
    dependencies:
      tslib: 2.8.1
    optional: true

  '@types/node@24.9.2':
    dependencies:
      undici-types: 7.16.0

  argparse@2.0.1: {}

  braces@3.0.3:
    dependencies:
      fill-range: 7.1.1

  fast-glob@3.3.3:
    dependencies:
      '@nodelib/fs.stat': 2.0.5
      '@nodelib/fs.walk': 1.2.8
      glob-parent: 5.1.2
      merge2: 1.4.1
      micromatch: 4.0.8

  fastq@1.19.1:
    dependencies:
      reusify: 1.1.0

  fd-package-json@2.0.0:
    dependencies:
      walk-up-path: 4.0.0

  fill-range@7.1.1:
    dependencies:
      to-regex-range: 5.0.1

  formatly@0.3.0:
    dependencies:
      fd-package-json: 2.0.0

  glob-parent@5.1.2:
    dependencies:
      is-glob: 4.0.3

  is-extglob@2.1.1: {}

  is-glob@4.0.3:
    dependencies:
      is-extglob: 2.1.1

  is-number@7.0.0: {}

  jiti@2.6.1: {}

  js-yaml@4.1.0:
    dependencies:
      argparse: 2.0.1

  knip@5.67.1(@types/node@24.9.2)(typescript@5.9.3):
    dependencies:
      '@nodelib/fs.walk': 1.2.8
      '@types/node': 24.9.2
      fast-glob: 3.3.3
      formatly: 0.3.0
      jiti: 2.6.1
      js-yaml: 4.1.0
      minimist: 1.2.8
      oxc-resolver: 11.13.0
      picocolors: 1.1.1
      picomatch: 4.0.3
      smol-toml: 1.4.2
      strip-json-comments: 5.0.2
      typescript: 5.9.3
      zod: 4.1.12

  merge2@1.4.1: {}

  micromatch@4.0.8:
    dependencies:
      braces: 3.0.3
      picomatch: 2.3.1

  minimist@1.2.8: {}

  oxc-resolver@11.13.0:
    optionalDependencies:
      '@oxc-resolver/binding-android-arm-eabi': 11.13.0
      '@oxc-resolver/binding-android-arm64': 11.13.0
      '@oxc-resolver/binding-darwin-arm64': 11.13.0
      '@oxc-resolver/binding-darwin-x64': 11.13.0
      '@oxc-resolver/binding-freebsd-x64': 11.13.0
      '@oxc-resolver/binding-linux-arm-gnueabihf': 11.13.0
      '@oxc-resolver/binding-linux-arm-musleabihf': 11.13.0
      '@oxc-resolver/binding-linux-arm64-gnu': 11.13.0
      '@oxc-resolver/binding-linux-arm64-musl': 11.13.0
      '@oxc-resolver/binding-linux-ppc64-gnu': 11.13.0
      '@oxc-resolver/binding-linux-riscv64-gnu': 11.13.0
      '@oxc-resolver/binding-linux-riscv64-musl': 11.13.0
      '@oxc-resolver/binding-linux-s390x-gnu': 11.13.0
      '@oxc-resolver/binding-linux-x64-gnu': 11.13.0
      '@oxc-resolver/binding-linux-x64-musl': 11.13.0
      '@oxc-resolver/binding-wasm32-wasi': 11.13.0
      '@oxc-resolver/binding-win32-arm64-msvc': 11.13.0
      '@oxc-resolver/binding-win32-ia32-msvc': 11.13.0
      '@oxc-resolver/binding-win32-x64-msvc': 11.13.0

  picocolors@1.1.1: {}

  picomatch@2.3.1: {}

  picomatch@4.0.3: {}

  queue-microtask@1.2.3: {}

  reusify@1.1.0: {}

  run-parallel@1.2.0:
    dependencies:
      queue-microtask: 1.2.3

  smol-toml@1.4.2: {}

  strip-json-comments@5.0.2: {}

  to-regex-range@5.0.1:
    dependencies:
      is-number: 7.0.0

  tslib@2.8.1:
    optional: true

  typescript@5.9.3: {}

  undici-types@7.16.0: {}

  walk-up-path@4.0.0: {}

  zod@4.1.12: {}
