lockfileVersion: '9.0'

settings:
  autoInstallPeers: true
  excludeLinksFromLockfile: false

importers:

  .:
    devDependencies:
      '@biomejs/biome':
        specifier: ^2.3.2
        version: 2.3.2
      '@types/node':
        specifier: ^24.9.2
        version: 24.9.2
      knip:
        specifier: ^5.71.0
        version: 5.71.0(@types/node@24.9.2)(typescript@5.9.3)
      typescript:
        specifier: ^5.9.3
        version: 5.9.3

packages:

  '@biomejs/biome@2.3.2':
    resolution: {integrity: sha512-8e9tzamuDycx7fdrcJ/F/GDZ8SYukc5ud6tDicjjFqURKYFSWMl0H0iXNXZEGmcmNUmABgGuHThPykcM41INgg==}
    engines: {node: '>=14.21.3'}
    hasBin: true

  '@biomejs/cli-darwin-arm64@2.3.2':
    resolution: {integrity: sha512-4LECm4kc3If0JISai4c3KWQzukoUdpxy4fRzlrPcrdMSRFksR9ZoXK7JBcPuLBmd2SoT4/d7CQS33VnZpgBjew==}
    engines: {node: '>=14.21.3'}
    cpu: [arm64]
    os: [darwin]

  '@biomejs/cli-darwin-x64@2.3.2':
    resolution: {integrity: sha512-jNMnfwHT4N3wi+ypRfMTjLGnDmKYGzxVr1EYAPBcauRcDnICFXN81wD6wxJcSUrLynoyyYCdfW6vJHS/IAoTDA==}
    engines: {node: '>=14.21.3'}
    cpu: [x64]
    os: [darwin]

  '@biomejs/cli-linux-arm64-musl@2.3.2':
    resolution: {integrity: sha512-2Zz4usDG1GTTPQnliIeNx6eVGGP2ry5vE/v39nT73a3cKN6t5H5XxjcEoZZh62uVZvED7hXXikclvI64vZkYqw==}
    engines: {node: '>=14.21.3'}
    cpu: [arm64]
    os: [linux]

  '@biomejs/cli-linux-arm64@2.3.2':
    resolution: {integrity: sha512-amnqvk+gWybbQleRRq8TMe0rIv7GHss8mFJEaGuEZYWg1Tw14YKOkeo8h6pf1c+d3qR+JU4iT9KXnBKGON4klw==}
    engines: {node: '>=14.21.3'}
    cpu: [arm64]
    os: [linux]

  '@biomejs/cli-linux-x64-musl@2.3.2':
    resolution: {integrity: sha512-gzB19MpRdTuOuLtPpFBGrV3Lq424gHyq2lFj8wfX9tvLMLdmA/R9C7k/mqBp/spcbWuHeIEKgEs3RviOPcWGBA==}
    engines: {node: '>=14.21.3'}
    cpu: [x64]
    os: [linux]

  '@biomejs/cli-linux-x64@2.3.2':
    resolution: {integrity: sha512-8BG/vRAhFz1pmuyd24FQPhNeueLqPtwvZk6yblABY2gzL2H8fLQAF/Z2OPIc+BPIVPld+8cSiKY/KFh6k81xfA==}
    engines: {node: '>=14.21.3'}
    cpu: [x64]
    os: [linux]

  '@biomejs/cli-win32-arm64@2.3.2':
    resolution: {integrity: sha512-lCruqQlfWjhMlOdyf5pDHOxoNm4WoyY2vZ4YN33/nuZBRstVDuqPPjS0yBkbUlLEte11FbpW+wWSlfnZfSIZvg==}
    engines: {node: '>=14.21.3'}
    cpu: [arm64]
    os: [win32]

  '@biomejs/cli-win32-x64@2.3.2':
    resolution: {integrity: sha512-6Ee9P26DTb4D8sN9nXxgbi9Dw5vSOfH98M7UlmkjKB2vtUbrRqCbZiNfryGiwnPIpd6YUoTl7rLVD2/x1CyEHQ==}
    engines: {node: '>=14.21.3'}
    cpu: [x64]
    os: [win32]

  '@emnapi/core@1.7.1':
    resolution: {integrity: sha512-o1uhUASyo921r2XtHYOHy7gdkGLge8ghBEQHMWmyJFoXlpU58kIrhhN3w26lpQb6dspetweapMn2CSNwQ8I4wg==}

  '@emnapi/runtime@1.7.1':
    resolution: {integrity: sha512-PVtJr5CmLwYAU9PZDMITZoR5iAOShYREoR45EyyLrbntV50mdePTgUn4AmOw90Ifcj+x2kRjdzr1HP3RrNiHGA==}

  '@emnapi/wasi-threads@1.1.0':
    resolution: {integrity: sha512-WI0DdZ8xFSbgMjR1sFsKABJ/C5OnRrjT06JXbZKexJGrDuPTzZdDYfFlsgcCXCyf+suG5QU2e/y1Wo2V/OapLQ==}

  '@napi-rs/wasm-runtime@1.0.7':
    resolution: {integrity: sha512-SeDnOO0Tk7Okiq6DbXmmBODgOAb9dp9gjlphokTUxmt8U3liIP1ZsozBahH69j/RJv+Rfs6IwUKHTgQYJ/HBAw==}

  '@nodelib/fs.scandir@2.1.5':
    resolution: {integrity: sha512-vq24Bq3ym5HEQm2NKCr3yXDwjc7vTsEThRDnkp2DK9p1uqLR+DHurm/NOTo0KG7HYHU7eppKZj3MyqYuMBf62g==}
    engines: {node: '>= 8'}

  '@nodelib/fs.stat@2.0.5':
    resolution: {integrity: sha512-RkhPPp2zrqDAQA/2jNhnztcPAlv64XdhIp7a7454A5ovI7Bukxgt7MX7udwAu3zg1DcpPU0rz3VV1SeaqvY4+A==}
    engines: {node: '>= 8'}

  '@nodelib/fs.walk@1.2.8':
    resolution: {integrity: sha512-oGB+UxlgWcgQkgwo8GcEGwemoTFt3FIO9ababBmaGwXIoBKZ+GTy0pP185beGg7Llih/NSHSV2XAs1lnznocSg==}
    engines: {node: '>= 8'}

  '@oxc-resolver/binding-android-arm-eabi@11.14.0':
    resolution: {integrity: sha512-jB47iZ/thvhE+USCLv+XY3IknBbkKr/p7OBsQDTHode/GPw+OHRlit3NQ1bjt1Mj8V2CS7iHdSDYobZ1/0gagQ==}
    cpu: [arm]
    os: [android]

  '@oxc-resolver/binding-android-arm64@11.14.0':
    resolution: {integrity: sha512-XFJ9t7d/Cz+dWLyqtTy3Xrekz+qqN4hmOU2iOUgr7u71OQsPUHIIeS9/wKanEK0l413gPwapIkyc5x9ltlOtyw==}
    cpu: [arm64]
    os: [android]

  '@oxc-resolver/binding-darwin-arm64@11.14.0':
    resolution: {integrity: sha512-gwehBS9smA1mzK8frDsmUCHz+6baJVwkKF6qViHhoqA3kRKvIZ3k6WNP4JmF19JhOiGxRcoPa8gZRfzNgXwP2A==}
    cpu: [arm64]
    os: [darwin]

  '@oxc-resolver/binding-darwin-x64@11.14.0':
    resolution: {integrity: sha512-5wwJvfuoahKiAqqAsMLOI28rqdh3P2K7HkjIWUXNMWAZq6ErX0L5rwJzu6T32+Zxw3k18C7R9IS4wDq/3Ar+6w==}
    cpu: [x64]
    os: [darwin]

  '@oxc-resolver/binding-freebsd-x64@11.14.0':
    resolution: {integrity: sha512-MWTt+LOQNcQ6fa+Uu5VikkihLi1PSIrQqqp0QD44k2AORasNWl0jRGBTcMSBIgNe82qEQWYvlGzvOEEOBp01Og==}
    cpu: [x64]
    os: [freebsd]

  '@oxc-resolver/binding-linux-arm-gnueabihf@11.14.0':
    resolution: {integrity: sha512-b6/IBqYrS3o0XiLVBsnex/wK8pTTK+hbGfAMOHVU6p7DBpwPPLgC/tav4IXoOIUCssTFz7aWh/xtUok0swn8VQ==}
    cpu: [arm]
    os: [linux]

  '@oxc-resolver/binding-linux-arm-musleabihf@11.14.0':
    resolution: {integrity: sha512-o2Qh5+y5YoqVK6YfzkalHdpmQ5bkbGGxuLg1pZLQ1Ift0x+Vix7DaFEpdCl5Z9xvYXogd/TwOlL0TPl4+MTFLA==}
    cpu: [arm]
    os: [linux]

  '@oxc-resolver/binding-linux-arm64-gnu@11.14.0':
    resolution: {integrity: sha512-lk8mCSg0Tg4sEG73RiPjb7keGcEPwqQnBHX3Z+BR2SWe+qNHpoHcyFMNafzSvEC18vlxC04AUSoa6kJl/C5zig==}
    cpu: [arm64]
    os: [linux]

  '@oxc-resolver/binding-linux-arm64-musl@11.14.0':
    resolution: {integrity: sha512-KykeIVhCM7pn93ABa0fNe8vk4XvnbfZMELne2s6P9tdJH9KMBsCFBi7a2BmSdUtTqWCAJokAcm46lpczU52Xaw==}
    cpu: [arm64]
    os: [linux]

  '@oxc-resolver/binding-linux-ppc64-gnu@11.14.0':
    resolution: {integrity: sha512-QqPPWAcZU/jHAuam4f3zV8OdEkYRPD2XR0peVet3hoMMgsihR3Lhe7J/bLclmod297FG0+OgBYQVMh2nTN6oWA==}
    cpu: [ppc64]
    os: [linux]

  '@oxc-resolver/binding-linux-riscv64-gnu@11.14.0':
    resolution: {integrity: sha512-DunWA+wafeG3hj1NADUD3c+DRvmyVNqF5LSHVUWA2bzswqmuEZXl3VYBSzxfD0j+UnRTFYLxf27AMptoMsepYg==}
    cpu: [riscv64]
    os: [linux]

  '@oxc-resolver/binding-linux-riscv64-musl@11.14.0':
    resolution: {integrity: sha512-4SRvwKTTk2k67EQr9Ny4NGf/BhlwggCI1CXwBbA9IV4oP38DH8b+NAPxDY0ySGRsWbPkG92FYOqM4AWzG4GSgA==}
    cpu: [riscv64]
    os: [linux]

  '@oxc-resolver/binding-linux-s390x-gnu@11.14.0':
    resolution: {integrity: sha512-hZKvkbsurj4JOom//R1Ab2MlC4cGeVm5zzMt4IsS3XySQeYjyMJ5TDZ3J5rQ8bVj3xi4FpJU2yFZ72GApsHQ6A==}
    cpu: [s390x]
    os: [linux]

  '@oxc-resolver/binding-linux-x64-gnu@11.14.0':
    resolution: {integrity: sha512-hABxQXFXJurivw+0amFdeEcK67cF1BGBIN1+sSHzq3TRv4RoG8n5q2JE04Le2n2Kpt6xg4Y5+lcv+rb2mCJLgQ==}
    cpu: [x64]
    os: [linux]

  '@oxc-resolver/binding-linux-x64-musl@11.14.0':
    resolution: {integrity: sha512-Ln73wUB5migZRvC7obAAdqVwvFvk7AUs2JLt4g9QHr8FnqivlsjpUC9Nf2ssrybdjyQzEMjttUxPZz6aKPSAHw==}
    cpu: [x64]
    os: [linux]

  '@oxc-resolver/binding-wasm32-wasi@11.14.0':
    resolution: {integrity: sha512-z+NbELmCOKNtWOqEB5qDfHXOSWB3kGQIIehq6nHtZwHLzdVO2oBq6De/ayhY3ygriC1XhgaIzzniY7jgrNl4Kw==}
    engines: {node: '>=14.0.0'}
    cpu: [wasm32]

  '@oxc-resolver/binding-win32-arm64-msvc@11.14.0':
    resolution: {integrity: sha512-Ft0+qd7HSO61qCTLJ4LCdBGZkpKyDj1rG0OVSZL1DxWQoh97m7vEHd7zAvUtw8EcWjOMBQuX4mfRap/x2MOCpQ==}
    cpu: [arm64]
    os: [win32]

  '@oxc-resolver/binding-win32-ia32-msvc@11.14.0':
    resolution: {integrity: sha512-o54jYNSfGdPxHSvXEhZg8FOV3K99mJ1f7hb1alRFb+Yec1GQXNrJXxZPIxNMYeFT13kwAWB7zuQ0HZLnDHFxfw==}
    cpu: [ia32]
    os: [win32]

  '@oxc-resolver/binding-win32-x64-msvc@11.14.0':
    resolution: {integrity: sha512-j97icaORyM6A7GjgmUzfn7V+KGzVvctRA+eAlJb0c2OQNaETFxl6BXZdnGBDb+6oA0Y4Sr/wnekd1kQ0aVyKGg==}
    cpu: [x64]
    os: [win32]

  '@tybys/wasm-util@0.10.1':
    resolution: {integrity: sha512-9tTaPJLSiejZKx+Bmog4uSubteqTvFrVrURwkmHixBo0G4seD0zUxp98E1DzUBJxLQ3NPwXrGKDiVjwx/DpPsg==}

  '@types/node@24.9.2':
    resolution: {integrity: sha512-uWN8YqxXxqFMX2RqGOrumsKeti4LlmIMIyV0lgut4jx7KQBcBiW6vkDtIBvHnHIquwNfJhk8v2OtmO8zXWHfPA==}

  argparse@2.0.1:
    resolution: {integrity: sha512-8+9WqebbFzpX9OR+Wa6O29asIogeRMzcGtAINdpMHHyAg10f05aSFVBbcEqGf/PXw1EjAZ+q2/bEBg3DvurK3Q==}

  braces@3.0.3:
    resolution: {integrity: sha512-yQbXgO/OSZVD2IsiLlro+7Hf6Q18EJrKSEsdoMzKePKXct3gvD8oLcOQdIzGupr5Fj+EDe8gO/lxc1BzfMpxvA==}
    engines: {node: '>=8'}

  fast-glob@3.3.3:
    resolution: {integrity: sha512-7MptL8U0cqcFdzIzwOTHoilX9x5BrNqye7Z/LuC7kCMRio1EMSyqRK3BEAUD7sXRq4iT4AzTVuZdhgQ2TCvYLg==}
    engines: {node: '>=8.6.0'}

  fastq@1.19.1:
    resolution: {integrity: sha512-GwLTyxkCXjXbxqIhTsMI2Nui8huMPtnxg7krajPJAjnEG/iiOS7i+zCtWGZR9G0NBKbXKh6X9m9UIsYX/N6vvQ==}

  fd-package-json@2.0.0:
    resolution: {integrity: sha512-jKmm9YtsNXN789RS/0mSzOC1NUq9mkVd65vbSSVsKdjGvYXBuE4oWe2QOEoFeRmJg+lPuZxpmrfFclNhoRMneQ==}

  fill-range@7.1.1:
    resolution: {integrity: sha512-YsGpe3WHLK8ZYi4tWDg2Jy3ebRz2rXowDxnld4bkQB00cc/1Zw9AWnC0i9ztDJitivtQvaI9KaLyKrc+hBW0yg==}
    engines: {node: '>=8'}

  formatly@0.3.0:
    resolution: {integrity: sha512-9XNj/o4wrRFyhSMJOvsuyMwy8aUfBaZ1VrqHVfohyXf0Sw0e+yfKG+xZaY3arGCOMdwFsqObtzVOc1gU9KiT9w==}
    engines: {node: '>=18.3.0'}
    hasBin: true

  glob-parent@5.1.2:
    resolution: {integrity: sha512-AOIgSQCepiJYwP3ARnGx+5VnTu2HBYdzbGP45eLw1vr3zB3vZLeyed1sC9hnbcOc9/SrMyM5RPQrkGz4aS9Zow==}
    engines: {node: '>= 6'}

  is-extglob@2.1.1:
    resolution: {integrity: sha512-SbKbANkN603Vi4jEZv49LeVJMn4yGwsbzZworEoyEiutsN3nJYdbO36zfhGJ6QEDpOZIFkDtnq5JRxmvl3jsoQ==}
    engines: {node: '>=0.10.0'}

  is-glob@4.0.3:
    resolution: {integrity: sha512-xelSayHH36ZgE7ZWhli7pW34hNbNl8Ojv5KVmkJD4hBdD3th8Tfk9vYasLM+mXWOZhFkgZfxhLSnrwRr4elSSg==}
    engines: {node: '>=0.10.0'}

  is-number@7.0.0:
    resolution: {integrity: sha512-41Cifkg6e8TylSpdtTpeLVMqvSBEVzTttHvERD741+pnZ8ANv0004MRL43QKPDlK9cGvNp6NZWZUBlbGXYxxng==}
    engines: {node: '>=0.12.0'}

  jiti@2.6.1:
    resolution: {integrity: sha512-ekilCSN1jwRvIbgeg/57YFh8qQDNbwDb9xT/qu2DAHbFFZUicIl4ygVaAvzveMhMVr3LnpSKTNnwt8PoOfmKhQ==}
    hasBin: true

  js-yaml@4.1.1:
    resolution: {integrity: sha512-qQKT4zQxXl8lLwBtHMWwaTcGfFOZviOJet3Oy/xmGk2gZH677CJM9EvtfdSkgWcATZhj/55JZ0rmy3myCT5lsA==}
    hasBin: true

  knip@5.71.0:
    resolution: {integrity: sha512-hwgdqEJ+7DNJ5jE8BCPu7b57TY7vUwP6MzWYgCgPpg6iPCee/jKPShDNIlFER2koti4oz5xF88VJbKCb4Wl71g==}
    engines: {node: '>=18.18.0'}
    hasBin: true
    peerDependencies:
      '@types/node': '>=18'
      typescript: '>=5.0.4 <7'

  merge2@1.4.1:
    resolution: {integrity: sha512-8q7VEgMJW4J8tcfVPy8g09NcQwZdbwFEqhe/WZkoIzjn/3TGDwtOCYtXGxA3O8tPzpczCCDgv+P2P5y00ZJOOg==}
    engines: {node: '>= 8'}

  micromatch@4.0.8:
    resolution: {integrity: sha512-PXwfBhYu0hBCPw8Dn0E+WDYb7af3dSLVWKi3HGv84IdF4TyFoC0ysxFd0Goxw7nSv4T/PzEJQxsYsEiFCKo2BA==}
    engines: {node: '>=8.6'}

  minimist@1.2.8:
    resolution: {integrity: sha512-2yyAR8qBkN3YuheJanUpWC5U3bb5osDywNB8RzDVlDwDHbocAJveqqj1u8+SVD7jkWT4yvsHCpWqqWqAxb0zCA==}

  oxc-resolver@11.14.0:
    resolution: {integrity: sha512-i4wNrqhOd+4YdHJfHglHtFiqqSxXuzFA+RUqmmWN1aMD3r1HqUSrIhw17tSO4jwKfhLs9uw1wzFPmvMsWacStg==}

  picocolors@1.1.1:
    resolution: {integrity: sha512-xceH2snhtb5M9liqDsmEw56le376mTZkEX/jEb/RxNFyegNul7eNslCXP9FDj/Lcu0X8KEyMceP2ntpaHrDEVA==}

  picomatch@2.3.1:
    resolution: {integrity: sha512-JU3teHTNjmE2VCGFzuY8EXzCDVwEqB2a8fsIvwaStHhAWJEeVd1o1QD80CU6+ZdEXXSLbSsuLwJjkCBWqRQUVA==}
    engines: {node: '>=8.6'}

  picomatch@4.0.3:
    resolution: {integrity: sha512-5gTmgEY/sqK6gFXLIsQNH19lWb4ebPDLA4SdLP7dsWkIXHWlG66oPuVvXSGFPppYZz8ZDZq0dYYrbHfBCVUb1Q==}
    engines: {node: '>=12'}

  queue-microtask@1.2.3:
    resolution: {integrity: sha512-NuaNSa6flKT5JaSYQzJok04JzTL1CA6aGhv5rfLW3PgqA+M2ChpZQnAC8h8i4ZFkBS8X5RqkDBHA7r4hej3K9A==}

  reusify@1.1.0:
    resolution: {integrity: sha512-g6QUff04oZpHs0eG5p83rFLhHeV00ug/Yf9nZM6fLeUrPguBTkTQOdpAWWspMh55TZfVQDPaN3NQJfbVRAxdIw==}
    engines: {iojs: '>=1.0.0', node: '>=0.10.0'}

  run-parallel@1.2.0:
    resolution: {integrity: sha512-5l4VyZR86LZ/lDxZTR6jqL8AFE2S0IFLMP26AbjsLVADxHdhB/c0GUsH+y39UfCi3dzz8OlQuPmnaJOMoDHQBA==}

  smol-toml@1.5.2:
    resolution: {integrity: sha512-QlaZEqcAH3/RtNyet1IPIYPsEWAaYyXXv1Krsi+1L/QHppjX4Ifm8MQsBISz9vE8cHicIq3clogsheili5vhaQ==}
    engines: {node: '>= 18'}

  strip-json-comments@5.0.3:
    resolution: {integrity: sha512-1tB5mhVo7U+ETBKNf92xT4hrQa3pm0MZ0PQvuDnWgAAGHDsfp4lPSpiS6psrSiet87wyGPh9ft6wmhOMQ0hDiw==}
    engines: {node: '>=14.16'}

  to-regex-range@5.0.1:
    resolution: {integrity: sha512-65P7iz6X5yEr1cwcgvQxbbIw7Uk3gOy5dIdtZ4rDveLqhrdJP+Li/Hx6tyK0NEb+2GCyneCMJiGqrADCSNk8sQ==}
    engines: {node: '>=8.0'}

  tslib@2.8.1:
    resolution: {integrity: sha512-oJFu94HQb+KVduSUQL7wnpmqnfmLsOA/nAh6b6EH0wCEoK0/mPeXU6c3wKDV83MkOuHPRHtSXKKU99IBazS/2w==}

  typescript@5.9.3:
    resolution: {integrity: sha512-jl1vZzPDinLr9eUt3J/t7V6FgNEw9QjvBPdysz9KfQDD41fQrC2Y4vKQdiaUpFT4bXlb1RHhLpp8wtm6M5TgSw==}
    engines: {node: '>=14.17'}
    hasBin: true

  undici-types@7.16.0:
    resolution: {integrity: sha512-Zz+aZWSj8LE6zoxD+xrjh4VfkIG8Ya6LvYkZqtUQGJPZjYl53ypCaUwWqo7eI0x66KBGeRo+mlBEkMSeSZ38Nw==}

  walk-up-path@4.0.0:
    resolution: {integrity: sha512-3hu+tD8YzSLGuFYtPRb48vdhKMi0KQV5sn+uWr8+7dMEq/2G/dtLrdDinkLjqq5TIbIBjYJ4Ax/n3YiaW7QM8A==}
    engines: {node: 20 || >=22}

  zod@4.1.13:
    resolution: {integrity: sha512-AvvthqfqrAhNH9dnfmrfKzX5upOdjUVJYFqNSlkmGf64gRaTzlPwz99IHYnVs28qYAybvAlBV+H7pn0saFY4Ig==}

snapshots:

  '@biomejs/biome@2.3.2':
    optionalDependencies:
      '@biomejs/cli-darwin-arm64': 2.3.2
      '@biomejs/cli-darwin-x64': 2.3.2
      '@biomejs/cli-linux-arm64': 2.3.2
      '@biomejs/cli-linux-arm64-musl': 2.3.2
      '@biomejs/cli-linux-x64': 2.3.2
      '@biomejs/cli-linux-x64-musl': 2.3.2
      '@biomejs/cli-win32-arm64': 2.3.2
      '@biomejs/cli-win32-x64': 2.3.2

  '@biomejs/cli-darwin-arm64@2.3.2':
    optional: true

  '@biomejs/cli-darwin-x64@2.3.2':
    optional: true

  '@biomejs/cli-linux-arm64-musl@2.3.2':
    optional: true

  '@biomejs/cli-linux-arm64@2.3.2':
    optional: true

  '@biomejs/cli-linux-x64-musl@2.3.2':
    optional: true

  '@biomejs/cli-linux-x64@2.3.2':
    optional: true

  '@biomejs/cli-win32-arm64@2.3.2':
    optional: true

  '@biomejs/cli-win32-x64@2.3.2':
    optional: true

  '@emnapi/core@1.7.1':
    dependencies:
      '@emnapi/wasi-threads': 1.1.0
      tslib: 2.8.1
    optional: true

  '@emnapi/runtime@1.7.1':
    dependencies:
      tslib: 2.8.1
    optional: true

  '@emnapi/wasi-threads@1.1.0':
    dependencies:
      tslib: 2.8.1
    optional: true

  '@napi-rs/wasm-runtime@1.0.7':
    dependencies:
      '@emnapi/core': 1.7.1
      '@emnapi/runtime': 1.7.1
      '@tybys/wasm-util': 0.10.1
    optional: true

  '@nodelib/fs.scandir@2.1.5':
    dependencies:
      '@nodelib/fs.stat': 2.0.5
      run-parallel: 1.2.0

  '@nodelib/fs.stat@2.0.5': {}

  '@nodelib/fs.walk@1.2.8':
    dependencies:
      '@nodelib/fs.scandir': 2.1.5
      fastq: 1.19.1

  '@oxc-resolver/binding-android-arm-eabi@11.14.0':
    optional: true

  '@oxc-resolver/binding-android-arm64@11.14.0':
    optional: true

  '@oxc-resolver/binding-darwin-arm64@11.14.0':
    optional: true

  '@oxc-resolver/binding-darwin-x64@11.14.0':
    optional: true

  '@oxc-resolver/binding-freebsd-x64@11.14.0':
    optional: true

  '@oxc-resolver/binding-linux-arm-gnueabihf@11.14.0':
    optional: true

  '@oxc-resolver/binding-linux-arm-musleabihf@11.14.0':
    optional: true

  '@oxc-resolver/binding-linux-arm64-gnu@11.14.0':
    optional: true

  '@oxc-resolver/binding-linux-arm64-musl@11.14.0':
    optional: true

  '@oxc-resolver/binding-linux-ppc64-gnu@11.14.0':
    optional: true

  '@oxc-resolver/binding-linux-riscv64-gnu@11.14.0':
    optional: true

  '@oxc-resolver/binding-linux-riscv64-musl@11.14.0':
    optional: true

  '@oxc-resolver/binding-linux-s390x-gnu@11.14.0':
    optional: true

  '@oxc-resolver/binding-linux-x64-gnu@11.14.0':
    optional: true

  '@oxc-resolver/binding-linux-x64-musl@11.14.0':
    optional: true

  '@oxc-resolver/binding-wasm32-wasi@11.14.0':
    dependencies:
      '@napi-rs/wasm-runtime': 1.0.7
    optional: true

  '@oxc-resolver/binding-win32-arm64-msvc@11.14.0':
    optional: true

  '@oxc-resolver/binding-win32-ia32-msvc@11.14.0':
    optional: true

  '@oxc-resolver/binding-win32-x64-msvc@11.14.0':
    optional: true

  '@tybys/wasm-util@0.10.1':
    dependencies:
      tslib: 2.8.1
    optional: true

  '@types/node@24.9.2':
    dependencies:
      undici-types: 7.16.0

  argparse@2.0.1: {}

  braces@3.0.3:
    dependencies:
      fill-range: 7.1.1

  fast-glob@3.3.3:
    dependencies:
      '@nodelib/fs.stat': 2.0.5
      '@nodelib/fs.walk': 1.2.8
      glob-parent: 5.1.2
      merge2: 1.4.1
      micromatch: 4.0.8

  fastq@1.19.1:
    dependencies:
      reusify: 1.1.0

  fd-package-json@2.0.0:
    dependencies:
      walk-up-path: 4.0.0

  fill-range@7.1.1:
    dependencies:
      to-regex-range: 5.0.1

  formatly@0.3.0:
    dependencies:
      fd-package-json: 2.0.0

  glob-parent@5.1.2:
    dependencies:
      is-glob: 4.0.3

  is-extglob@2.1.1: {}

  is-glob@4.0.3:
    dependencies:
      is-extglob: 2.1.1

  is-number@7.0.0: {}

  jiti@2.6.1: {}

  js-yaml@4.1.1:
    dependencies:
      argparse: 2.0.1

  knip@5.71.0(@types/node@24.9.2)(typescript@5.9.3):
    dependencies:
      '@nodelib/fs.walk': 1.2.8
      '@types/node': 24.9.2
      fast-glob: 3.3.3
      formatly: 0.3.0
      jiti: 2.6.1
      js-yaml: 4.1.1
      minimist: 1.2.8
      oxc-resolver: 11.14.0
      picocolors: 1.1.1
      picomatch: 4.0.3
      smol-toml: 1.5.2
      strip-json-comments: 5.0.3
      typescript: 5.9.3
      zod: 4.1.13

  merge2@1.4.1: {}

  micromatch@4.0.8:
    dependencies:
      braces: 3.0.3
      picomatch: 2.3.1

  minimist@1.2.8: {}

  oxc-resolver@11.14.0:
    optionalDependencies:
      '@oxc-resolver/binding-android-arm-eabi': 11.14.0
      '@oxc-resolver/binding-android-arm64': 11.14.0
      '@oxc-resolver/binding-darwin-arm64': 11.14.0
      '@oxc-resolver/binding-darwin-x64': 11.14.0
      '@oxc-resolver/binding-freebsd-x64': 11.14.0
      '@oxc-resolver/binding-linux-arm-gnueabihf': 11.14.0
      '@oxc-resolver/binding-linux-arm-musleabihf': 11.14.0
      '@oxc-resolver/binding-linux-arm64-gnu': 11.14.0
      '@oxc-resolver/binding-linux-arm64-musl': 11.14.0
      '@oxc-resolver/binding-linux-ppc64-gnu': 11.14.0
      '@oxc-resolver/binding-linux-riscv64-gnu': 11.14.0
      '@oxc-resolver/binding-linux-riscv64-musl': 11.14.0
      '@oxc-resolver/binding-linux-s390x-gnu': 11.14.0
      '@oxc-resolver/binding-linux-x64-gnu': 11.14.0
      '@oxc-resolver/binding-linux-x64-musl': 11.14.0
      '@oxc-resolver/binding-wasm32-wasi': 11.14.0
      '@oxc-resolver/binding-win32-arm64-msvc': 11.14.0
      '@oxc-resolver/binding-win32-ia32-msvc': 11.14.0
      '@oxc-resolver/binding-win32-x64-msvc': 11.14.0

  picocolors@1.1.1: {}

  picomatch@2.3.1: {}

  picomatch@4.0.3: {}

  queue-microtask@1.2.3: {}

  reusify@1.1.0: {}

  run-parallel@1.2.0:
    dependencies:
      queue-microtask: 1.2.3

  smol-toml@1.5.2: {}

  strip-json-comments@5.0.3: {}

  to-regex-range@5.0.1:
    dependencies:
      is-number: 7.0.0

  tslib@2.8.1:
    optional: true

  typescript@5.9.3: {}

  undici-types@7.16.0: {}

  walk-up-path@4.0.0: {}

  zod@4.1.13: {}
